
Microsoft Visual Studio Solution File, Format Version 12.00
# Visual Studio Version 16
VisualStudioVersion = 16.0.31515.178
MinimumVisualStudioVersion = 10.0.40219.1
Project("{FAE04EC0-301F-11D3-BF4B-00C04F79EFBC}") = "Training_project", "Training_project\Training_project.csproj", "{5AC697E6-FE81-466B-A2FC-5F96155D2F6A}"
EndProject
Global
	GlobalSection(SolutionConfigurationPlatforms) = preSolution
		Debug|Any CPU = Debug|Any CPU
		Release|Any CPU = Release|Any CPU
	EndGlobalSection
	GlobalSection(ProjectConfigurationPlatforms) = postSolution
		{5AC697E6-FE81-466B-A2FC-5F96155D2F6A}.Debug|Any CPU.ActiveCfg = Debug|Any CPU
		{5AC697E6-FE81-466B-A2FC-5F96155D2F6A}.Debug|Any CPU.Build.0 = Debug|Any CPU
		{5AC697E6-FE81-466B-A2FC-5F96155D2F6A}.Release|Any CPU.ActiveCfg = Release|Any CPU
		{5AC697E6-FE81-466B-A2FC-5F96155D2F6A}.Release|Any CPU.Build.0 = Release|Any CPU
	EndGlobalSection
	GlobalSection(SolutionProperties) = preSolution
		HideSolutionNode = FALSE
	EndGlobalSection
	GlobalSection(ExtensibilityGlobals) = postSolution
		SolutionGuid = {0EE41F85-B3D5-493F-8DDB-67F7793448EE}
	EndGlobalSection
EndGlobal
